
Microsoft Visual Studio Solution File, Format Version 12.00
# Visual Studio Version 17
VisualStudioVersion = 17.8.34322.80
MinimumVisualStudioVersion = 10.0.40219.1
Project("{FAE04EC0-301F-11D3-BF4B-00C04F79EFBC}") = "CA3_X00167885", "CA3_X00167885.csproj", "{3A73B694-73A3-4526-9CE2-0E15EA6C9949}"
EndProject
Global
	GlobalSection(SolutionConfigurationPlatforms) = preSolution
		Debug|Any CPU = Debug|Any CPU
		Release|Any CPU = Release|Any CPU
	EndGlobalSection
	GlobalSection(ProjectConfigurationPlatforms) = postSolution
		{3A73B694-73A3-4526-9CE2-0E15EA6C9949}.Debug|Any CPU.ActiveCfg = Debug|Any CPU
		{3A73B694-73A3-4526-9CE2-0E15EA6C9949}.Debug|Any CPU.Build.0 = Debug|Any CPU
		{3A73B694-73A3-4526-9CE2-0E15EA6C9949}.Release|Any CPU.ActiveCfg = Release|Any CPU
		{3A73B694-73A3-4526-9CE2-0E15EA6C9949}.Release|Any CPU.Build.0 = Release|Any CPU
	EndGlobalSection
	GlobalSection(SolutionProperties) = preSolution
		HideSolutionNode = FALSE
	EndGlobalSection
	GlobalSection(ExtensibilityGlobals) = postSolution
		SolutionGuid = {BE4FD3EA-E53B-4E01-A1A6-75EBCE4AD7C4}
	EndGlobalSection
EndGlobal
